
Microsoft Visual Studio Solution File, Format Version 12.00
# Visual Studio Version 17
VisualStudioVersion = 17.4.33205.214
MinimumVisualStudioVersion = 10.0.40219.1
Project("{9A19103F-16F7-4668-BE54-9A1E7A4F7556}") = "Player", "Player\Player.csproj", "{724E55CA-5EF0-7FA0-47AB-93F433EC06F1}"
	ProjectSection(ProjectDependencies) = postProject
		{97D22183-838A-63D0-EC91-3C2CD868FEC0} = {97D22183-838A-63D0-EC91-3C2CD868FEC0}
	EndProjectSection
EndProject
Project("{9A19103F-16F7-4668-BE54-9A1E7A4F7556}") = "StapleCore", "Core\StapleCore.csproj", "{97D22183-838A-63D0-EC91-3C2CD868FEC0}"
	ProjectSection(ProjectDependencies) = postProject
		{CAAD8B33-701A-4505-8451-C3F5B76DC596} = {CAAD8B33-701A-4505-8451-C3F5B76DC596}
	EndProjectSection
EndProject
Project("{9A19103F-16F7-4668-BE54-9A1E7A4F7556}") = "StapleEditor", "Editor\StapleEditor.csproj", "{3577BFD6-21DA-4E7B-CA5F-8731B6A11AFE}"
	ProjectSection(ProjectDependencies) = postProject
		{947A5870-7477-4B24-8B21-E03CFCEB8708} = {947A5870-7477-4B24-8B21-E03CFCEB8708}
		{97D22183-838A-63D0-EC91-3C2CD868FEC0} = {97D22183-838A-63D0-EC91-3C2CD868FEC0}
		{A2579EE3-962F-4838-88E8-D5363ECECAF7} = {A2579EE3-962F-4838-88E8-D5363ECECAF7}
		{B1931566-065A-4ED4-A87D-CF6F9CE3413A} = {B1931566-065A-4ED4-A87D-CF6F9CE3413A}
	EndProjectSection
EndProject
Project("{9A19103F-16F7-4668-BE54-9A1E7A4F7556}") = "StapleEditorApp", "EditorApp\StapleEditorApp.csproj", "{764ABE13-E2D5-2BD8-EBE6-AECC57F187D8}"
	ProjectSection(ProjectDependencies) = postProject
		{97D22183-838A-63D0-EC91-3C2CD868FEC0} = {97D22183-838A-63D0-EC91-3C2CD868FEC0}
	EndProjectSection
EndProject
Project("{9A19103F-16F7-4668-BE54-9A1E7A4F7556}") = "StapleCoreTests", "StapleCoreTests\StapleCoreTests.csproj", "{DD58EFAB-E5DF-429A-A67A-D0FF6428DCD1}"
EndProject
Project("{9A19103F-16F7-4668-BE54-9A1E7A4F7556}") = "TypeRegistration", "TypeRegistration\TypeRegistration.csproj", "{CAAD8B33-701A-4505-8451-C3F5B76DC596}"
EndProject
Project("{9A19103F-16F7-4668-BE54-9A1E7A4F7556}") = "StapleTooling", "Tooling\StapleTooling.csproj", "{947A5870-7477-4B24-8B21-E03CFCEB8708}"
	ProjectSection(ProjectDependencies) = postProject
		{97D22183-838A-63D0-EC91-3C2CD868FEC0} = {97D22183-838A-63D0-EC91-3C2CD868FEC0}
	EndProjectSection
EndProject
Project("{9A19103F-16F7-4668-BE54-9A1E7A4F7556}") = "StapleToolingTests", "StapleToolingTests\StapleToolingTests.csproj", "{98EB2BBC-5782-463F-989F-6473845728E8}"
	ProjectSection(ProjectDependencies) = postProject
		{947A5870-7477-4B24-8B21-E03CFCEB8708} = {947A5870-7477-4B24-8B21-E03CFCEB8708}
		{97D22183-838A-63D0-EC91-3C2CD868FEC0} = {97D22183-838A-63D0-EC91-3C2CD868FEC0}
	EndProjectSection
EndProject
Project("{9A19103F-16F7-4668-BE54-9A1E7A4F7556}") = "StapleJoltPhysics", "StapleJoltPhysics\StapleJoltPhysics.csproj", "{A2579EE3-962F-4838-88E8-D5363ECECAF7}"
	ProjectSection(ProjectDependencies) = postProject
		{97D22183-838A-63D0-EC91-3C2CD868FEC0} = {97D22183-838A-63D0-EC91-3C2CD868FEC0}
	EndProjectSection
EndProject
Project("{9A19103F-16F7-4668-BE54-9A1E7A4F7556}") = "StapleOpenALAudio", "StapleOpenALAudio\StapleOpenALAudio.csproj", "{B1931566-065A-4ED4-A87D-CF6F9CE3413A}"
	ProjectSection(ProjectDependencies) = postProject
		{97D22183-838A-63D0-EC91-3C2CD868FEC0} = {97D22183-838A-63D0-EC91-3C2CD868FEC0}
	EndProjectSection
EndProject
Project("{FAE04EC0-301F-11D3-BF4B-00C04F79EFBC}") = "StapleNetworking", "StapleNetworking\StapleNetworking.csproj", "{AB3DE773-FDBC-4760-8967-1B5B052F9B1B}"
	ProjectSection(ProjectDependencies) = postProject
		{97D22183-838A-63D0-EC91-3C2CD868FEC0} = {97D22183-838A-63D0-EC91-3C2CD868FEC0}
	EndProjectSection
EndProject
Global
	GlobalSection(SolutionConfigurationPlatforms) = preSolution
		Debug|Any CPU = Debug|Any CPU
		Release|Any CPU = Release|Any CPU
	EndGlobalSection
	GlobalSection(ProjectConfigurationPlatforms) = postSolution
		{724E55CA-5EF0-7FA0-47AB-93F433EC06F1}.Debug|Any CPU.ActiveCfg = Debug|Any CPU
		{724E55CA-5EF0-7FA0-47AB-93F433EC06F1}.Debug|Any CPU.Build.0 = Debug|Any CPU
		{724E55CA-5EF0-7FA0-47AB-93F433EC06F1}.Release|Any CPU.ActiveCfg = Release|Any CPU
		{724E55CA-5EF0-7FA0-47AB-93F433EC06F1}.Release|Any CPU.Build.0 = Release|Any CPU
		{97D22183-838A-63D0-EC91-3C2CD868FEC0}.Debug|Any CPU.ActiveCfg = Debug|Any CPU
		{97D22183-838A-63D0-EC91-3C2CD868FEC0}.Debug|Any CPU.Build.0 = Debug|Any CPU
		{97D22183-838A-63D0-EC91-3C2CD868FEC0}.Release|Any CPU.ActiveCfg = Release|Any CPU
		{97D22183-838A-63D0-EC91-3C2CD868FEC0}.Release|Any CPU.Build.0 = Release|Any CPU
		{3577BFD6-21DA-4E7B-CA5F-8731B6A11AFE}.Debug|Any CPU.ActiveCfg = Debug|Any CPU
		{3577BFD6-21DA-4E7B-CA5F-8731B6A11AFE}.Debug|Any CPU.Build.0 = Debug|Any CPU
		{3577BFD6-21DA-4E7B-CA5F-8731B6A11AFE}.Release|Any CPU.ActiveCfg = Release|Any CPU
		{3577BFD6-21DA-4E7B-CA5F-8731B6A11AFE}.Release|Any CPU.Build.0 = Release|Any CPU
		{764ABE13-E2D5-2BD8-EBE6-AECC57F187D8}.Debug|Any CPU.ActiveCfg = Debug|Any CPU
		{764ABE13-E2D5-2BD8-EBE6-AECC57F187D8}.Debug|Any CPU.Build.0 = Debug|Any CPU
		{764ABE13-E2D5-2BD8-EBE6-AECC57F187D8}.Release|Any CPU.ActiveCfg = Release|Any CPU
		{764ABE13-E2D5-2BD8-EBE6-AECC57F187D8}.Release|Any CPU.Build.0 = Release|Any CPU
		{DD58EFAB-E5DF-429A-A67A-D0FF6428DCD1}.Debug|Any CPU.ActiveCfg = Debug|Any CPU
		{DD58EFAB-E5DF-429A-A67A-D0FF6428DCD1}.Debug|Any CPU.Build.0 = Debug|Any CPU
		{DD58EFAB-E5DF-429A-A67A-D0FF6428DCD1}.Release|Any CPU.ActiveCfg = Release|Any CPU
		{DD58EFAB-E5DF-429A-A67A-D0FF6428DCD1}.Release|Any CPU.Build.0 = Release|Any CPU
		{CAAD8B33-701A-4505-8451-C3F5B76DC596}.Debug|Any CPU.ActiveCfg = Debug|Any CPU
		{CAAD8B33-701A-4505-8451-C3F5B76DC596}.Debug|Any CPU.Build.0 = Debug|Any CPU
		{CAAD8B33-701A-4505-8451-C3F5B76DC596}.Release|Any CPU.ActiveCfg = Release|Any CPU
		{CAAD8B33-701A-4505-8451-C3F5B76DC596}.Release|Any CPU.Build.0 = Release|Any CPU
		{947A5870-7477-4B24-8B21-E03CFCEB8708}.Debug|Any CPU.ActiveCfg = Debug|Any CPU
		{947A5870-7477-4B24-8B21-E03CFCEB8708}.Debug|Any CPU.Build.0 = Debug|Any CPU
		{947A5870-7477-4B24-8B21-E03CFCEB8708}.Release|Any CPU.ActiveCfg = Release|Any CPU
		{947A5870-7477-4B24-8B21-E03CFCEB8708}.Release|Any CPU.Build.0 = Release|Any CPU
		{98EB2BBC-5782-463F-989F-6473845728E8}.Debug|Any CPU.ActiveCfg = Debug|Any CPU
		{98EB2BBC-5782-463F-989F-6473845728E8}.Debug|Any CPU.Build.0 = Debug|Any CPU
		{98EB2BBC-5782-463F-989F-6473845728E8}.Release|Any CPU.ActiveCfg = Release|Any CPU
		{98EB2BBC-5782-463F-989F-6473845728E8}.Release|Any CPU.Build.0 = Release|Any CPU
		{A2579EE3-962F-4838-88E8-D5363ECECAF7}.Debug|Any CPU.ActiveCfg = Debug|Any CPU
		{A2579EE3-962F-4838-88E8-D5363ECECAF7}.Debug|Any CPU.Build.0 = Debug|Any CPU
		{A2579EE3-962F-4838-88E8-D5363ECECAF7}.Release|Any CPU.ActiveCfg = Release|Any CPU
		{A2579EE3-962F-4838-88E8-D5363ECECAF7}.Release|Any CPU.Build.0 = Release|Any CPU
		{B1931566-065A-4ED4-A87D-CF6F9CE3413A}.Debug|Any CPU.ActiveCfg = Debug|Any CPU
		{B1931566-065A-4ED4-A87D-CF6F9CE3413A}.Debug|Any CPU.Build.0 = Debug|Any CPU
		{B1931566-065A-4ED4-A87D-CF6F9CE3413A}.Release|Any CPU.ActiveCfg = Release|Any CPU
		{B1931566-065A-4ED4-A87D-CF6F9CE3413A}.Release|Any CPU.Build.0 = Release|Any CPU
		{AB3DE773-FDBC-4760-8967-1B5B052F9B1B}.Debug|Any CPU.ActiveCfg = Debug|Any CPU
		{AB3DE773-FDBC-4760-8967-1B5B052F9B1B}.Debug|Any CPU.Build.0 = Debug|Any CPU
		{AB3DE773-FDBC-4760-8967-1B5B052F9B1B}.Release|Any CPU.ActiveCfg = Release|Any CPU
		{AB3DE773-FDBC-4760-8967-1B5B052F9B1B}.Release|Any CPU.Build.0 = Release|Any CPU
	EndGlobalSection
	GlobalSection(SolutionProperties) = preSolution
		HideSolutionNode = FALSE
	EndGlobalSection
	GlobalSection(ExtensibilityGlobals) = postSolution
		SolutionGuid = {F0291659-69B9-40A2-8938-BA7EAF81A33B}
	EndGlobalSection
EndGlobal
