
Microsoft Visual Studio Solution File, Format Version 12.00
# Visual Studio Version 17
VisualStudioVersion = 17.4.33205.214
MinimumVisualStudioVersion = 10.0.40219.1
Project("{9A19103F-16F7-4668-BE54-9A1E7A4F7556}") = "Player", "Player\Player.csproj", "{724E55CA-5EF0-7FA0-47AB-93F433EC06F1}"
	ProjectSection(ProjectDependencies) = postProject
		{BF10A474-ABDD-FE7F-D4F6-EC27C022340E} = {BF10A474-ABDD-FE7F-D4F6-EC27C022340E}
	EndProjectSection
EndProject
Project("{9A19103F-16F7-4668-BE54-9A1E7A4F7556}") = "StapleCore", "Core\StapleCore.csproj", "{97D22183-838A-63D0-EC91-3C2CD868FEC0}"
	ProjectSection(ProjectDependencies) = postProject
		{CAAD8B33-701A-4505-8451-C3F5B76DC596} = {CAAD8B33-701A-4505-8451-C3F5B76DC596}
	EndProjectSection
EndProject
Project("{9A19103F-16F7-4668-BE54-9A1E7A4F7556}") = "StapleEditor", "Editor\StapleEditor.csproj", "{3577BFD6-21DA-4E7B-CA5F-8731B6A11AFE}"
EndProject
Project("{9A19103F-16F7-4668-BE54-9A1E7A4F7556}") = "StapleEditorApp", "EditorApp\StapleEditorApp.csproj", "{764ABE13-E2D5-2BD8-EBE6-AECC57F187D8}"
EndProject
Project("{9A19103F-16F7-4668-BE54-9A1E7A4F7556}") = "TestGame", "TestGame\TestGame.csproj", "{BF10A474-ABDD-FE7F-D4F6-EC27C022340E}"
EndProject
Project("{9A19103F-16F7-4668-BE54-9A1E7A4F7556}") = "StapleCoreTests", "StapleCoreTests\StapleCoreTests.csproj", "{DD58EFAB-E5DF-429A-A67A-D0FF6428DCD1}"
EndProject
Project("{FAE04EC0-301F-11D3-BF4B-00C04F79EFBC}") = "TypeRegistration", "TypeRegistration\TypeRegistration.csproj", "{CAAD8B33-701A-4505-8451-C3F5B76DC596}"
EndProject
Global
	GlobalSection(SolutionConfigurationPlatforms) = preSolution
		Debug|Any CPU = Debug|Any CPU
		Release|Any CPU = Release|Any CPU
	EndGlobalSection
	GlobalSection(ProjectConfigurationPlatforms) = postSolution
		{724E55CA-5EF0-7FA0-47AB-93F433EC06F1}.Debug|Any CPU.ActiveCfg = Debug|Any CPU
		{724E55CA-5EF0-7FA0-47AB-93F433EC06F1}.Debug|Any CPU.Build.0 = Debug|Any CPU
		{724E55CA-5EF0-7FA0-47AB-93F433EC06F1}.Release|Any CPU.ActiveCfg = Release|Any CPU
		{724E55CA-5EF0-7FA0-47AB-93F433EC06F1}.Release|Any CPU.Build.0 = Release|Any CPU
		{97D22183-838A-63D0-EC91-3C2CD868FEC0}.Debug|Any CPU.ActiveCfg = Debug|Any CPU
		{97D22183-838A-63D0-EC91-3C2CD868FEC0}.Debug|Any CPU.Build.0 = Debug|Any CPU
		{97D22183-838A-63D0-EC91-3C2CD868FEC0}.Release|Any CPU.ActiveCfg = Release|Any CPU
		{97D22183-838A-63D0-EC91-3C2CD868FEC0}.Release|Any CPU.Build.0 = Release|Any CPU
		{3577BFD6-21DA-4E7B-CA5F-8731B6A11AFE}.Debug|Any CPU.ActiveCfg = Debug|Any CPU
		{3577BFD6-21DA-4E7B-CA5F-8731B6A11AFE}.Debug|Any CPU.Build.0 = Debug|Any CPU
		{3577BFD6-21DA-4E7B-CA5F-8731B6A11AFE}.Release|Any CPU.ActiveCfg = Release|Any CPU
		{3577BFD6-21DA-4E7B-CA5F-8731B6A11AFE}.Release|Any CPU.Build.0 = Release|Any CPU
		{764ABE13-E2D5-2BD8-EBE6-AECC57F187D8}.Debug|Any CPU.ActiveCfg = Debug|Any CPU
		{764ABE13-E2D5-2BD8-EBE6-AECC57F187D8}.Debug|Any CPU.Build.0 = Debug|Any CPU
		{764ABE13-E2D5-2BD8-EBE6-AECC57F187D8}.Release|Any CPU.ActiveCfg = Release|Any CPU
		{764ABE13-E2D5-2BD8-EBE6-AECC57F187D8}.Release|Any CPU.Build.0 = Release|Any CPU
		{BF10A474-ABDD-FE7F-D4F6-EC27C022340E}.Debug|Any CPU.ActiveCfg = Debug|Any CPU
		{BF10A474-ABDD-FE7F-D4F6-EC27C022340E}.Debug|Any CPU.Build.0 = Debug|Any CPU
		{BF10A474-ABDD-FE7F-D4F6-EC27C022340E}.Release|Any CPU.ActiveCfg = Release|Any CPU
		{BF10A474-ABDD-FE7F-D4F6-EC27C022340E}.Release|Any CPU.Build.0 = Release|Any CPU
		{DD58EFAB-E5DF-429A-A67A-D0FF6428DCD1}.Debug|Any CPU.ActiveCfg = Debug|Any CPU
		{DD58EFAB-E5DF-429A-A67A-D0FF6428DCD1}.Debug|Any CPU.Build.0 = Debug|Any CPU
		{DD58EFAB-E5DF-429A-A67A-D0FF6428DCD1}.Release|Any CPU.ActiveCfg = Release|Any CPU
		{DD58EFAB-E5DF-429A-A67A-D0FF6428DCD1}.Release|Any CPU.Build.0 = Release|Any CPU
		{CAAD8B33-701A-4505-8451-C3F5B76DC596}.Debug|Any CPU.ActiveCfg = Debug|Any CPU
		{CAAD8B33-701A-4505-8451-C3F5B76DC596}.Debug|Any CPU.Build.0 = Debug|Any CPU
		{CAAD8B33-701A-4505-8451-C3F5B76DC596}.Release|Any CPU.ActiveCfg = Release|Any CPU
		{CAAD8B33-701A-4505-8451-C3F5B76DC596}.Release|Any CPU.Build.0 = Release|Any CPU
	EndGlobalSection
	GlobalSection(SolutionProperties) = preSolution
		HideSolutionNode = FALSE
	EndGlobalSection
	GlobalSection(ExtensibilityGlobals) = postSolution
		SolutionGuid = {F0291659-69B9-40A2-8938-BA7EAF81A33B}
	EndGlobalSection
EndGlobal
